
Microsoft Visual Studio Solution File, Format Version 12.00
# Visual Studio Version 17
VisualStudioVersion = 17.1.32228.430
MinimumVisualStudioVersion = 10.0.40219.1
Project("{FAE04EC0-301F-11D3-BF4B-00C04F79EFBC}") = "HostedService1", "HostedService1\HostedService1.csproj", "{02470502-5038-4223-AB70-6C5AC456E6A5}"
EndProject
Global
	GlobalSection(SolutionConfigurationPlatforms) = preSolution
		Debug|Any CPU = Debug|Any CPU
		Release|Any CPU = Release|Any CPU
	EndGlobalSection
	GlobalSection(ProjectConfigurationPlatforms) = postSolution
		{02470502-5038-4223-AB70-6C5AC456E6A5}.Debug|Any CPU.ActiveCfg = Debug|Any CPU
		{02470502-5038-4223-AB70-6C5AC456E6A5}.Debug|Any CPU.Build.0 = Debug|Any CPU
		{02470502-5038-4223-AB70-6C5AC456E6A5}.Release|Any CPU.ActiveCfg = Release|Any CPU
		{02470502-5038-4223-AB70-6C5AC456E6A5}.Release|Any CPU.Build.0 = Release|Any CPU
	EndGlobalSection
	GlobalSection(SolutionProperties) = preSolution
		HideSolutionNode = FALSE
	EndGlobalSection
	GlobalSection(ExtensibilityGlobals) = postSolution
		SolutionGuid = {C5A4441A-D3CF-444B-B943-F164E0115733}
	EndGlobalSection
EndGlobal
